lockfileVersion: '9.0'

settings:
  autoInstallPeers: true
  excludeLinksFromLockfile: false

importers:

  .:
    dependencies:
      '@hotwired/stimulus':
        specifier: latest
        version: 3.2.2
      '@hotwired/turbo':
        specifier: latest
        version: 8.0.23

packages:

  '@hotwired/stimulus@3.2.2':
    resolution: {integrity: sha512-eGeIqNOQpXoPAIP7tC1+1Yc1yl1xnwYqg+3mzqxyrbE5pg5YFBZcA6YoTiByJB6DKAEsiWtl6tjTJS4IYtbB7A==}

  '@hotwired/turbo@8.0.23':
    resolution: {integrity: sha512-GZ7cijxEZ6Ig71u7rD6LHaRv/wcE/hNsc+nEfiWOkLNqUgLOwo5MNGWOy5ZV9ZUDSiQx1no7YxjTNnT4O6//cQ==}
    engines: {node: '>= 18'}

snapshots:

  '@hotwired/stimulus@3.2.2': {}

  '@hotwired/turbo@8.0.23': {}
